
Microsoft Visual Studio Solution File, Format Version 12.00
# Visual Studio Version 17
VisualStudioVersion = 17.14.36518.9
MinimumVisualStudioVersion = 10.0.40219.1
Project("{2150E333-8FDC-42A3-9474-1A3956D46DE8}") = "Task0", "Task0", "{02EA681E-C7D8-13C7-8484-4AC65E1B71E8}"
EndProject
Project("{FAE04EC0-301F-11D3-BF4B-00C04F79EFBC}") = "Tyuiu.HohanovDA.Sprint0.Task0.V0", "Tyuiu.HohanovDA.Sprint0.Task0.V0\Tyuiu.HohanovDA.Sprint0.Task0.V0.csproj", "{5BA2993F-C138-4CE0-AD4E-0530412E96D6}"
EndProject
Project("{2150E333-8FDC-42A3-9474-1A3956D46DE8}") = "Task1", "Task1", "{B2846572-95E1-4B4D-91BE-A21EC7C36473}"
EndProject
Project("{FAE04EC0-301F-11D3-BF4B-00C04F79EFBC}") = "Tyuiu.HohanovDA.Sprint0.Task1.V0", "Tyuiu.HohanovDA.Sprint0.Task1.V0\Tyuiu.HohanovDA.Sprint0.Task1.V0.csproj", "{CC58CA83-616B-4C75-A73A-344F347767C5}"
EndProject
Project("{2150E333-8FDC-42A3-9474-1A3956D46DE8}") = "Task2", "Task2", "{73D28339-A6B3-44C1-920A-5BC14B60E506}"
EndProject
Project("{FAE04EC0-301F-11D3-BF4B-00C04F79EFBC}") = "Tyuiu.HohanovDA.Sprint0.Task2.V0", "Tyuiu.HohanovDA.Sprint0.Task2.V0\Tyuiu.HohanovDA.Sprint0.Task2.V0.csproj", "{FEB5AFB0-166D-4D85-A82A-77E6B4FD1A47}"
EndProject
Project("{FAE04EC0-301F-11D3-BF4B-00C04F79EFBC}") = "Tyuiu.HohanovDA.Sprint0.Task2.V0.Lib", "Tyuiu.HohanovDA.Sprint0.Task2.V0.Lib\Tyuiu.HohanovDA.Sprint0.Task2.V0.Lib.csproj", "{459A6165-95E1-44DD-9ED6-667DAD0B45C6}"
EndProject
Project("{FAE04EC0-301F-11D3-BF4B-00C04F79EFBC}") = "Tyuiu.HohanovDA.Sprint0.Task2.V0.Test", "Tyuiu.HohanovDA.Sprint0.Task2.V0.Test\Tyuiu.HohanovDA.Sprint0.Task2.V0.Test.csproj", "{B43919E7-4EB7-4ECF-B2A0-83B399F8B9EF}"
EndProject
Project("{2150E333-8FDC-42A3-9474-1A3956D46DE8}") = "Task3", "Task3", "{DF592CF3-3FC6-42CB-ACE1-820848F20351}"
EndProject
Project("{FAE04EC0-301F-11D3-BF4B-00C04F79EFBC}") = "Tyuiu.HohanovDA.Sprint0.Task3.V0", "Tyuiu.HohanovDA.Sprint0.Task3.V0\Tyuiu.HohanovDA.Sprint0.Task3.V0.csproj", "{2D4C5C2A-D771-453D-A482-62B94FC935E7}"
EndProject
Project("{FAE04EC0-301F-11D3-BF4B-00C04F79EFBC}") = "Tyuiu.HohanovDA.Sprint0.Task3.V0.Test", "Tyuiu.HohanovDA.Sprint0.Task3.V0.Test\Tyuiu.HohanovDA.Sprint0.Task3.V0.Test.csproj", "{426BD4BE-BD7C-4DD5-B1D2-66E9DC1FF3BA}"
EndProject
Project("{FAE04EC0-301F-11D3-BF4B-00C04F79EFBC}") = "Tyuiu.HohanovDA.Sprint0.Task3.V0.Lib", "Tyuiu.HohanovDA.Sprint0.Task3.V0.Lib\Tyuiu.HohanovDA.Sprint0.Task3.V0.Lib.csproj", "{C144C6B8-4AEA-4A60-BEE9-EA54C254B949}"
EndProject
Project("{2150E333-8FDC-42A3-9474-1A3956D46DE8}") = "Task4", "Task4", "{DB00A007-5CA7-4D30-96BB-7A9A1ECB0008}"
EndProject
Project("{FAE04EC0-301F-11D3-BF4B-00C04F79EFBC}") = "Tyuiu.HohanovDA.Sprint0.Task4.V0", "Tyuiu.HohanovDA.Sprint0.Task4.V0\Tyuiu.HohanovDA.Sprint0.Task4.V0.csproj", "{876694B6-263A-4E3D-B503-992280685B0D}"
EndProject
Project("{FAE04EC0-301F-11D3-BF4B-00C04F79EFBC}") = "Tyuiu.HohanovDA.Sprint0.Task4.V0.Lib", "Tyuiu.HohanovDA.Sprint0.Task4.V0.Lib\Tyuiu.HohanovDA.Sprint0.Task4.V0.Lib.csproj", "{7493C5DE-F0E6-43ED-8AEC-7782897CBB5A}"
EndProject
Project("{FAE04EC0-301F-11D3-BF4B-00C04F79EFBC}") = "Tyuiu.HohanovDA.Sprint0.Task4.V0.Test", "Tyuiu.HohanovDA.Sprint0.Task4.V0.Test\Tyuiu.HohanovDA.Sprint0.Task4.V0.Test.csproj", "{21725B92-290A-40A5-9C68-BF71DE881FAA}"
EndProject
Global
	GlobalSection(SolutionConfigurationPlatforms) = preSolution
		Debug|Any CPU = Debug|Any CPU
		Release|Any CPU = Release|Any CPU
	EndGlobalSection
	GlobalSection(ProjectConfigurationPlatforms) = postSolution
		{5BA2993F-C138-4CE0-AD4E-0530412E96D6}.Debug|Any CPU.ActiveCfg = Debug|Any CPU
		{5BA2993F-C138-4CE0-AD4E-0530412E96D6}.Debug|Any CPU.Build.0 = Debug|Any CPU
		{5BA2993F-C138-4CE0-AD4E-0530412E96D6}.Release|Any CPU.ActiveCfg = Release|Any CPU
		{5BA2993F-C138-4CE0-AD4E-0530412E96D6}.Release|Any CPU.Build.0 = Release|Any CPU
		{CC58CA83-616B-4C75-A73A-344F347767C5}.Debug|Any CPU.ActiveCfg = Debug|Any CPU
		{CC58CA83-616B-4C75-A73A-344F347767C5}.Debug|Any CPU.Build.0 = Debug|Any CPU
		{CC58CA83-616B-4C75-A73A-344F347767C5}.Release|Any CPU.ActiveCfg = Release|Any CPU
		{CC58CA83-616B-4C75-A73A-344F347767C5}.Release|Any CPU.Build.0 = Release|Any CPU
		{FEB5AFB0-166D-4D85-A82A-77E6B4FD1A47}.Debug|Any CPU.ActiveCfg = Debug|Any CPU
		{FEB5AFB0-166D-4D85-A82A-77E6B4FD1A47}.Debug|Any CPU.Build.0 = Debug|Any CPU
		{FEB5AFB0-166D-4D85-A82A-77E6B4FD1A47}.Release|Any CPU.ActiveCfg = Release|Any CPU
		{FEB5AFB0-166D-4D85-A82A-77E6B4FD1A47}.Release|Any CPU.Build.0 = Release|Any CPU
		{459A6165-95E1-44DD-9ED6-667DAD0B45C6}.Debug|Any CPU.ActiveCfg = Debug|Any CPU
		{459A6165-95E1-44DD-9ED6-667DAD0B45C6}.Debug|Any CPU.Build.0 = Debug|Any CPU
		{459A6165-95E1-44DD-9ED6-667DAD0B45C6}.Release|Any CPU.ActiveCfg = Release|Any CPU
		{459A6165-95E1-44DD-9ED6-667DAD0B45C6}.Release|Any CPU.Build.0 = Release|Any CPU
		{B43919E7-4EB7-4ECF-B2A0-83B399F8B9EF}.Debug|Any CPU.ActiveCfg = Debug|Any CPU
		{B43919E7-4EB7-4ECF-B2A0-83B399F8B9EF}.Debug|Any CPU.Build.0 = Debug|Any CPU
		{B43919E7-4EB7-4ECF-B2A0-83B399F8B9EF}.Release|Any CPU.ActiveCfg = Release|Any CPU
		{B43919E7-4EB7-4ECF-B2A0-83B399F8B9EF}.Release|Any CPU.Build.0 = Release|Any CPU
		{2D4C5C2A-D771-453D-A482-62B94FC935E7}.Debug|Any CPU.ActiveCfg = Debug|Any CPU
		{2D4C5C2A-D771-453D-A482-62B94FC935E7}.Debug|Any CPU.Build.0 = Debug|Any CPU
		{2D4C5C2A-D771-453D-A482-62B94FC935E7}.Release|Any CPU.ActiveCfg = Release|Any CPU
		{2D4C5C2A-D771-453D-A482-62B94FC935E7}.Release|Any CPU.Build.0 = Release|Any CPU
		{426BD4BE-BD7C-4DD5-B1D2-66E9DC1FF3BA}.Debug|Any CPU.ActiveCfg = Debug|Any CPU
		{426BD4BE-BD7C-4DD5-B1D2-66E9DC1FF3BA}.Debug|Any CPU.Build.0 = Debug|Any CPU
		{426BD4BE-BD7C-4DD5-B1D2-66E9DC1FF3BA}.Release|Any CPU.ActiveCfg = Release|Any CPU
		{426BD4BE-BD7C-4DD5-B1D2-66E9DC1FF3BA}.Release|Any CPU.Build.0 = Release|Any CPU
		{C144C6B8-4AEA-4A60-BEE9-EA54C254B949}.Debug|Any CPU.ActiveCfg = Debug|Any CPU
		{C144C6B8-4AEA-4A60-BEE9-EA54C254B949}.Debug|Any CPU.Build.0 = Debug|Any CPU
		{C144C6B8-4AEA-4A60-BEE9-EA54C254B949}.Release|Any CPU.ActiveCfg = Release|Any CPU
		{C144C6B8-4AEA-4A60-BEE9-EA54C254B949}.Release|Any CPU.Build.0 = Release|Any CPU
		{876694B6-263A-4E3D-B503-992280685B0D}.Debug|Any CPU.ActiveCfg = Debug|Any CPU
		{876694B6-263A-4E3D-B503-992280685B0D}.Debug|Any CPU.Build.0 = Debug|Any CPU
		{876694B6-263A-4E3D-B503-992280685B0D}.Release|Any CPU.ActiveCfg = Release|Any CPU
		{876694B6-263A-4E3D-B503-992280685B0D}.Release|Any CPU.Build.0 = Release|Any CPU
		{7493C5DE-F0E6-43ED-8AEC-7782897CBB5A}.Debug|Any CPU.ActiveCfg = Debug|Any CPU
		{7493C5DE-F0E6-43ED-8AEC-7782897CBB5A}.Debug|Any CPU.Build.0 = Debug|Any CPU
		{7493C5DE-F0E6-43ED-8AEC-7782897CBB5A}.Release|Any CPU.ActiveCfg = Release|Any CPU
		{7493C5DE-F0E6-43ED-8AEC-7782897CBB5A}.Release|Any CPU.Build.0 = Release|Any CPU
		{21725B92-290A-40A5-9C68-BF71DE881FAA}.Debug|Any CPU.ActiveCfg = Debug|Any CPU
		{21725B92-290A-40A5-9C68-BF71DE881FAA}.Debug|Any CPU.Build.0 = Debug|Any CPU
		{21725B92-290A-40A5-9C68-BF71DE881FAA}.Release|Any CPU.ActiveCfg = Release|Any CPU
		{21725B92-290A-40A5-9C68-BF71DE881FAA}.Release|Any CPU.Build.0 = Release|Any CPU
	EndGlobalSection
	GlobalSection(SolutionProperties) = preSolution
		HideSolutionNode = FALSE
	EndGlobalSection
	GlobalSection(NestedProjects) = preSolution
		{5BA2993F-C138-4CE0-AD4E-0530412E96D6} = {02EA681E-C7D8-13C7-8484-4AC65E1B71E8}
		{CC58CA83-616B-4C75-A73A-344F347767C5} = {B2846572-95E1-4B4D-91BE-A21EC7C36473}
		{FEB5AFB0-166D-4D85-A82A-77E6B4FD1A47} = {73D28339-A6B3-44C1-920A-5BC14B60E506}
		{459A6165-95E1-44DD-9ED6-667DAD0B45C6} = {73D28339-A6B3-44C1-920A-5BC14B60E506}
		{B43919E7-4EB7-4ECF-B2A0-83B399F8B9EF} = {73D28339-A6B3-44C1-920A-5BC14B60E506}
		{2D4C5C2A-D771-453D-A482-62B94FC935E7} = {DF592CF3-3FC6-42CB-ACE1-820848F20351}
		{426BD4BE-BD7C-4DD5-B1D2-66E9DC1FF3BA} = {DF592CF3-3FC6-42CB-ACE1-820848F20351}
		{C144C6B8-4AEA-4A60-BEE9-EA54C254B949} = {DF592CF3-3FC6-42CB-ACE1-820848F20351}
		{876694B6-263A-4E3D-B503-992280685B0D} = {DB00A007-5CA7-4D30-96BB-7A9A1ECB0008}
		{7493C5DE-F0E6-43ED-8AEC-7782897CBB5A} = {DB00A007-5CA7-4D30-96BB-7A9A1ECB0008}
		{21725B92-290A-40A5-9C68-BF71DE881FAA} = {DB00A007-5CA7-4D30-96BB-7A9A1ECB0008}
	EndGlobalSection
	GlobalSection(ExtensibilityGlobals) = postSolution
		SolutionGuid = {BDF22EE4-83F1-42D2-8772-A05C78231BF1}
	EndGlobalSection
EndGlobal
